
Microsoft Visual Studio Solution File, Format Version 12.00
# Visual Studio 2012
Project("{FAE04EC0-301F-11D3-BF4B-00C04F79EFBC}") = "Example_6.4", "Example_6.4\Example_6.4.csproj", "{5FA77E38-F143-473A-9213-5CBA4179F491}"
EndProject
Global
	GlobalSection(SolutionConfigurationPlatforms) = preSolution
		Debug|Any CPU = Debug|Any CPU
		Release|Any CPU = Release|Any CPU
	EndGlobalSection
	GlobalSection(ProjectConfigurationPlatforms) = postSolution
		{5FA77E38-F143-473A-9213-5CBA4179F491}.Debug|Any CPU.ActiveCfg = Debug|Any CPU
		{5FA77E38-F143-473A-9213-5CBA4179F491}.Debug|Any CPU.Build.0 = Debug|Any CPU
		{5FA77E38-F143-473A-9213-5CBA4179F491}.Release|Any CPU.ActiveCfg = Release|Any CPU
		{5FA77E38-F143-473A-9213-5CBA4179F491}.Release|Any CPU.Build.0 = Release|Any CPU
	EndGlobalSection
	GlobalSection(SolutionProperties) = preSolution
		HideSolutionNode = FALSE
	EndGlobalSection
EndGlobal
