
Microsoft Visual Studio Solution File, Format Version 12.00
# Visual Studio 2012
Project("{FAE04EC0-301F-11D3-BF4B-00C04F79EFBC}") = "Example_6.3", "Example_6.3\Example_6.3.csproj", "{E00826DD-6EC8-406E-94AB-B7A37FBA1713}"
EndProject
Global
	GlobalSection(SolutionConfigurationPlatforms) = preSolution
		Debug|Any CPU = Debug|Any CPU
		Release|Any CPU = Release|Any CPU
	EndGlobalSection
	GlobalSection(ProjectConfigurationPlatforms) = postSolution
		{E00826DD-6EC8-406E-94AB-B7A37FBA1713}.Debug|Any CPU.ActiveCfg = Debug|Any CPU
		{E00826DD-6EC8-406E-94AB-B7A37FBA1713}.Debug|Any CPU.Build.0 = Debug|Any CPU
		{E00826DD-6EC8-406E-94AB-B7A37FBA1713}.Release|Any CPU.ActiveCfg = Release|Any CPU
		{E00826DD-6EC8-406E-94AB-B7A37FBA1713}.Release|Any CPU.Build.0 = Release|Any CPU
	EndGlobalSection
	GlobalSection(SolutionProperties) = preSolution
		HideSolutionNode = FALSE
	EndGlobalSection
EndGlobal
