
Microsoft Visual Studio Solution File, Format Version 12.00
# Visual Studio 2012
Project("{FAE04EC0-301F-11D3-BF4B-00C04F79EFBC}") = "Example_6.5", "Example_6.5\Example_6.5.csproj", "{09232D31-14FB-4B4D-89AD-AD19B7EDB32C}"
EndProject
Global
	GlobalSection(SolutionConfigurationPlatforms) = preSolution
		Debug|Any CPU = Debug|Any CPU
		Release|Any CPU = Release|Any CPU
	EndGlobalSection
	GlobalSection(ProjectConfigurationPlatforms) = postSolution
		{09232D31-14FB-4B4D-89AD-AD19B7EDB32C}.Debug|Any CPU.ActiveCfg = Debug|Any CPU
		{09232D31-14FB-4B4D-89AD-AD19B7EDB32C}.Debug|Any CPU.Build.0 = Debug|Any CPU
		{09232D31-14FB-4B4D-89AD-AD19B7EDB32C}.Release|Any CPU.ActiveCfg = Release|Any CPU
		{09232D31-14FB-4B4D-89AD-AD19B7EDB32C}.Release|Any CPU.Build.0 = Release|Any CPU
	EndGlobalSection
	GlobalSection(SolutionProperties) = preSolution
		HideSolutionNode = FALSE
	EndGlobalSection
EndGlobal
